{
  "name": "docs-alignment-kit",
  "version": "0.1.0",
  "lockfileVersion": 3,
  "requires": true,
  "packages": {
    "": {
      "name": "docs-alignment-kit",
      "version": "0.1.0",
      "bin": {
        "docs-alignment": "bin/docs-alignment.mjs"
      },
      "engines": {
        "node": ">=18"
      }
    }
  }
}
